
Microsoft Visual Studio Solution File, Format Version 12.00
# Visual Studio Version 16
VisualStudioVersion = 16.0.31729.503
MinimumVisualStudioVersion = 10.0.40219.1
Project("{FAE04EC0-301F-11D3-BF4B-00C04F79EFBC}") = "MessageBox", "MessageBox.csproj", "{26FC5FD6-F4E9-4E0F-BB0D-492AAE98D880}"
EndProject
Global
	GlobalSection(SolutionConfigurationPlatforms) = preSolution
		Debug|Any CPU = Debug|Any CPU
		Release|Any CPU = Release|Any CPU
	EndGlobalSection
	GlobalSection(ProjectConfigurationPlatforms) = postSolution
		{26FC5FD6-F4E9-4E0F-BB0D-492AAE98D880}.Debug|Any CPU.ActiveCfg = Debug|Any CPU
		{26FC5FD6-F4E9-4E0F-BB0D-492AAE98D880}.Debug|Any CPU.Build.0 = Debug|Any CPU
		{26FC5FD6-F4E9-4E0F-BB0D-492AAE98D880}.Release|Any CPU.ActiveCfg = Release|Any CPU
		{26FC5FD6-F4E9-4E0F-BB0D-492AAE98D880}.Release|Any CPU.Build.0 = Release|Any CPU
	EndGlobalSection
	GlobalSection(SolutionProperties) = preSolution
		HideSolutionNode = FALSE
	EndGlobalSection
	GlobalSection(ExtensibilityGlobals) = postSolution
		SolutionGuid = {1D494F75-03E1-4669-8AC3-64B9991FE95A}
	EndGlobalSection
EndGlobal
