
Microsoft Visual Studio Solution File, Format Version 12.00
# Visual Studio Version 16
VisualStudioVersion = 16.0.31729.503
MinimumVisualStudioVersion = 10.0.40219.1
Project("{FAE04EC0-301F-11D3-BF4B-00C04F79EFBC}") = "RichTextBox.RowColoring", "RichTextBox.RowColoring.csproj", "{0D0CED51-E850-4107-81F8-910F234E0F81}"
EndProject
Global
	GlobalSection(SolutionConfigurationPlatforms) = preSolution
		Debug|Any CPU = Debug|Any CPU
		Release|Any CPU = Release|Any CPU
	EndGlobalSection
	GlobalSection(ProjectConfigurationPlatforms) = postSolution
		{0D0CED51-E850-4107-81F8-910F234E0F81}.Debug|Any CPU.ActiveCfg = Debug|Any CPU
		{0D0CED51-E850-4107-81F8-910F234E0F81}.Debug|Any CPU.Build.0 = Debug|Any CPU
		{0D0CED51-E850-4107-81F8-910F234E0F81}.Release|Any CPU.ActiveCfg = Release|Any CPU
		{0D0CED51-E850-4107-81F8-910F234E0F81}.Release|Any CPU.Build.0 = Release|Any CPU
	EndGlobalSection
	GlobalSection(SolutionProperties) = preSolution
		HideSolutionNode = FALSE
	EndGlobalSection
	GlobalSection(ExtensibilityGlobals) = postSolution
		SolutionGuid = {D0F221EF-F414-4126-B715-39147C08C14F}
	EndGlobalSection
EndGlobal
